
Microsoft Visual Studio Solution File, Format Version 12.00
# Visual Studio 2012
Project("{FAE04EC0-301F-11D3-BF4B-00C04F79EFBC}") = "KmK Business", "KmK Business\KmK Business.csproj", "{C00BE37F-B626-42D8-AB2B-84EF23000490}"
EndProject
Global
	GlobalSection(SolutionConfigurationPlatforms) = preSolution
		Build|Any CPU = Build|Any CPU
		Build|Mixed Platforms = Build|Mixed Platforms
		Build|x64 = Build|x64
		Build|x86 = Build|x86
		Debug|Any CPU = Debug|Any CPU
		Debug|Mixed Platforms = Debug|Mixed Platforms
		Debug|x64 = Debug|x64
		Debug|x86 = Debug|x86
		Release|Any CPU = Release|Any CPU
		Release|Mixed Platforms = Release|Mixed Platforms
		Release|x64 = Release|x64
		Release|x86 = Release|x86
	EndGlobalSection
	GlobalSection(ProjectConfigurationPlatforms) = postSolution
		{C00BE37F-B626-42D8-AB2B-84EF23000490}.Build|Any CPU.ActiveCfg = Build|Any CPU
		{C00BE37F-B626-42D8-AB2B-84EF23000490}.Build|Any CPU.Build.0 = Build|Any CPU
		{C00BE37F-B626-42D8-AB2B-84EF23000490}.Build|Mixed Platforms.ActiveCfg = Build|Any CPU
		{C00BE37F-B626-42D8-AB2B-84EF23000490}.Build|Mixed Platforms.Build.0 = Build|Any CPU
		{C00BE37F-B626-42D8-AB2B-84EF23000490}.Build|x64.ActiveCfg = Build|Any CPU
		{C00BE37F-B626-42D8-AB2B-84EF23000490}.Build|x86.ActiveCfg = Build|Any CPU
		{C00BE37F-B626-42D8-AB2B-84EF23000490}.Debug|Any CPU.ActiveCfg = Debug|Any CPU
		{C00BE37F-B626-42D8-AB2B-84EF23000490}.Debug|Any CPU.Build.0 = Debug|Any CPU
		{C00BE37F-B626-42D8-AB2B-84EF23000490}.Debug|Mixed Platforms.ActiveCfg = Debug|Any CPU
		{C00BE37F-B626-42D8-AB2B-84EF23000490}.Debug|Mixed Platforms.Build.0 = Debug|Any CPU
		{C00BE37F-B626-42D8-AB2B-84EF23000490}.Debug|x64.ActiveCfg = Debug|Any CPU
		{C00BE37F-B626-42D8-AB2B-84EF23000490}.Debug|x86.ActiveCfg = Debug|Any CPU
		{C00BE37F-B626-42D8-AB2B-84EF23000490}.Debug|x86.Build.0 = Debug|Any CPU
		{C00BE37F-B626-42D8-AB2B-84EF23000490}.Release|Any CPU.ActiveCfg = Release|Any CPU
		{C00BE37F-B626-42D8-AB2B-84EF23000490}.Release|Any CPU.Build.0 = Release|Any CPU
		{C00BE37F-B626-42D8-AB2B-84EF23000490}.Release|Mixed Platforms.ActiveCfg = Release|Any CPU
		{C00BE37F-B626-42D8-AB2B-84EF23000490}.Release|Mixed Platforms.Build.0 = Release|Any CPU
		{C00BE37F-B626-42D8-AB2B-84EF23000490}.Release|x64.ActiveCfg = Release|Any CPU
		{C00BE37F-B626-42D8-AB2B-84EF23000490}.Release|x86.ActiveCfg = Release|Any CPU
	EndGlobalSection
	GlobalSection(SolutionProperties) = preSolution
		HideSolutionNode = FALSE
	EndGlobalSection
EndGlobal
